// !$*UTF8*$!
{
	archiveVersion = 1;
	classes = {
	};
	objectVersion = 56;
	objects = {

/* Begin PBXBuildFile section */
		588EEDB329D30CB7002A7980 /* manager.cpp in Sources */ = {isa = PBXBuildFile; fileRef = 588EEDB129D30CB7002A7980 /* manager.cpp */; };
		588EEDB629D30CD0002A7980 /* worker.cpp in Sources */ = {isa = PBXBuildFile; fileRef = 588EEDB429D30CD0002A7980 /* worker.cpp */; };
		588EEDB929D30CDC002A7980 /* data.cpp in Sources */ = {isa = PBXBuildFile; fileRef = 588EEDB729D30CDC002A7980 /* data.cpp */; };
		58A722F729D1C6A5000F2ECC /* main.cpp in Sources */ = {isa = PBXBuildFile; fileRef = 58A722F629D1C6A5000F2ECC /* main.cpp */; };
/* End PBXBuildFile section */

/* Begin PBXCopyFilesBuildPhase section */
		58B7052829B60CD5008E0664 /* CopyFiles */ = {
			isa = PBXCopyFilesBuildPhase;
			buildActionMask = 2147483647;
			dstPath = /usr/share/man/man1/;
			dstSubfolderSpec = 0;
			files = (
			);
			runOnlyForDeploymentPostprocessing = 1;
		};
/* End PBXCopyFilesBuildPhase section */

/* Begin PBXFileReference section */
		588EEDB129D30CB7002A7980 /* manager.cpp */ = {isa = PBXFileReference; lastKnownFileType = sourcecode.cpp.cpp; path = manager.cpp; sourceTree = "<group>"; };
		588EEDB229D30CB7002A7980 /* manager.hpp */ = {isa = PBXFileReference; lastKnownFileType = sourcecode.cpp.h; path = manager.hpp; sourceTree = "<group>"; };
		588EEDB429D30CD0002A7980 /* worker.cpp */ = {isa = PBXFileReference; lastKnownFileType = sourcecode.cpp.cpp; path = worker.cpp; sourceTree = "<group>"; };
		588EEDB529D30CD0002A7980 /* worker.hpp */ = {isa = PBXFileReference; lastKnownFileType = sourcecode.cpp.h; path = worker.hpp; sourceTree = "<group>"; };
		588EEDB729D30CDC002A7980 /* data.cpp */ = {isa = PBXFileReference; lastKnownFileType = sourcecode.cpp.cpp; path = data.cpp; sourceTree = "<group>"; };
		588EEDB829D30CDC002A7980 /* data.hpp */ = {isa = PBXFileReference; lastKnownFileType = sourcecode.cpp.h; path = data.hpp; sourceTree = "<group>"; };
		58A722F629D1C6A5000F2ECC /* main.cpp */ = {isa = PBXFileReference; lastKnownFileType = sourcecode.cpp.cpp; path = main.cpp; sourceTree = "<group>"; };
		58B7052A29B60CD5008E0664 /* min_convex_shell */ = {isa = PBXFileReference; explicitFileType = "compiled.mach-o.executable"; includeInIndex = 0; path = min_convex_shell; sourceTree = BUILT_PRODUCTS_DIR; };
/* End PBXFileReference section */

/* Begin PBXFrameworksBuildPhase section */
		58B7052729B60CD5008E0664 /* Frameworks */ = {
			isa = PBXFrameworksBuildPhase;
			buildActionMask = 2147483647;
			files = (
			);
			runOnlyForDeploymentPostprocessing = 0;
		};
/* End PBXFrameworksBuildPhase section */

/* Begin PBXGroup section */
		58B7052129B60CD5008E0664 = {
			isa = PBXGroup;
			children = (
				58B7052C29B60CD5008E0664 /* min_convex_shell */,
				58B7052B29B60CD5008E0664 /* Products */,
			);
			sourceTree = "<group>";
		};
		58B7052B29B60CD5008E0664 /* Products */ = {
			isa = PBXGroup;
			children = (
				58B7052A29B60CD5008E0664 /* min_convex_shell */,
			);
			name = Products;
			sourceTree = "<group>";
		};
		58B7052C29B60CD5008E0664 /* min_convex_shell */ = {
			isa = PBXGroup;
			children = (
				58A722F629D1C6A5000F2ECC /* main.cpp */,
				588EEDB129D30CB7002A7980 /* manager.cpp */,
				588EEDB229D30CB7002A7980 /* manager.hpp */,
				588EEDB429D30CD0002A7980 /* worker.cpp */,
				588EEDB529D30CD0002A7980 /* worker.hpp */,
				588EEDB729D30CDC002A7980 /* data.cpp */,
				588EEDB829D30CDC002A7980 /* data.hpp */,
			);
			path = min_convex_shell;
			sourceTree = "<group>";
		};
/* End PBXGroup section */

/* Begin PBXNativeTarget section */
		58B7052929B60CD5008E0664 /* min_convex_shell */ = {
			isa = PBXNativeTarget;
			buildConfigurationList = 58B7053129B60CD5008E0664 /* Build configuration list for PBXNativeTarget "min_convex_shell" */;
			buildPhases = (
				58B7052629B60CD5008E0664 /* Sources */,
				58B7052729B60CD5008E0664 /* Frameworks */,
				58B7052829B60CD5008E0664 /* CopyFiles */,
			);
			buildRules = (
			);
			dependencies = (
			);
			name = min_convex_shell;
			productName = min_convex_shell;
			productReference = 58B7052A29B60CD5008E0664 /* min_convex_shell */;
			productType = "com.apple.product-type.tool";
		};
/* End PBXNativeTarget section */

/* Begin PBXProject section */
		58B7052229B60CD5008E0664 /* Project object */ = {
			isa = PBXProject;
			attributes = {
				BuildIndependentTargetsInParallel = 1;
				LastUpgradeCheck = 1420;
				TargetAttributes = {
					58B7052929B60CD5008E0664 = {
						CreatedOnToolsVersion = 14.2;
					};
				};
			};
			buildConfigurationList = 58B7052529B60CD5008E0664 /* Build configuration list for PBXProject "min_convex_shell" */;
			compatibilityVersion = "Xcode 14.0";
			developmentRegion = en;
			hasScannedForEncodings = 0;
			knownRegions = (
				en,
				Base,
			);
			mainGroup = 58B7052129B60CD5008E0664;
			productRefGroup = 58B7052B29B60CD5008E0664 /* Products */;
			projectDirPath = "";
			projectRoot = "";
			targets = (
				58B7052929B60CD5008E0664 /* min_convex_shell */,
			);
		};
/* End PBXProject section */

/* Begin PBXSourcesBuildPhase section */
		58B7052629B60CD5008E0664 /* Sources */ = {
			isa = PBXSourcesBuildPhase;
			buildActionMask = 2147483647;
			files = (
				588EEDB629D30CD0002A7980 /* worker.cpp in Sources */,
				588EEDB329D30CB7002A7980 /* manager.cpp in Sources */,
				588EEDB929D30CDC002A7980 /* data.cpp in Sources */,
				58A722F729D1C6A5000F2ECC /* main.cpp in Sources */,
			);
			runOnlyForDeploymentPostprocessing = 0;
		};
/* End PBXSourcesBuildPhase section */

/* Begin XCBuildConfiguration section */
		58B7052F29B60CD5008E0664 /* Debug */ = {
			isa = XCBuildConfiguration;
			buildSettings = {
				ALWAYS_SEARCH_USER_PATHS = NO;
				CLANG_ANALYZER_NONNULL = YES;
				CLANG_ANALYZER_NUMBER_OBJECT_CONVERSION = YES_AGGRESSIVE;
				CLANG_CXX_LANGUAGE_STANDARD = "gnu++20";
				CLANG_ENABLE_MODULES = YES;
				CLANG_ENABLE_OBJC_ARC = YES;
				CLANG_ENABLE_OBJC_WEAK = YES;
				CLANG_WARN_BLOCK_CAPTURE_AUTORELEASING = YES;
				CLANG_WARN_BOOL_CONVERSION = YES;
				CLANG_WARN_COMMA = YES;
				CLANG_WARN_CONSTANT_CONVERSION = YES;
				CLANG_WARN_DEPRECATED_OBJC_IMPLEMENTATIONS = YES;
				CLANG_WARN_DIRECT_OBJC_ISA_USAGE = YES_ERROR;
				CLANG_WARN_DOCUMENTATION_COMMENTS = YES;
				CLANG_WARN_EMPTY_BODY = YES;
				CLANG_WARN_ENUM_CONVERSION = YES;
				CLANG_WARN_INFINITE_RECURSION = YES;
				CLANG_WARN_INT_CONVERSION = YES;
				CLANG_WARN_NON_LITERAL_NULL_CONVERSION = YES;
				CLANG_WARN_OBJC_IMPLICIT_RETAIN_SELF = YES;
				CLANG_WARN_OBJC_LITERAL_CONVERSION = YES;
				CLANG_WARN_OBJC_ROOT_CLASS = YES_ERROR;
				CLANG_WARN_QUOTED_INCLUDE_IN_FRAMEWORK_HEADER = YES;
				CLANG_WARN_RANGE_LOOP_ANALYSIS = YES;
				CLANG_WARN_STRICT_PROTOTYPES = YES;
				CLANG_WARN_SUSPICIOUS_MOVE = YES;
				CLANG_WARN_UNGUARDED_AVAILABILITY = YES_AGGRESSIVE;
				CLANG_WARN_UNREACHABLE_CODE = YES;
				CLANG_WARN__DUPLICATE_METHOD_MATCH = YES;
				COPY_PHASE_STRIP = NO;
				DEBUG_INFORMATION_FORMAT = dwarf;
				ENABLE_STRICT_OBJC_MSGSEND = YES;
				ENABLE_TESTABILITY = YES;
				GCC_C_LANGUAGE_STANDARD = gnu11;
				GCC_DYNAMIC_NO_PIC = NO;
				GCC_NO_COMMON_BLOCKS = YES;
				GCC_OPTIMIZATION_LEVEL = 0;
				GCC_PREPROCESSOR_DEFINITIONS = (
					"DEBUG=1",
					"$(inherited)",
				);
				GCC_WARN_64_TO_32_BIT_CONVERSION = YES;
				GCC_WARN_ABOUT_RETURN_TYPE = YES_ERROR;
				GCC_WARN_UNDECLARED_SELECTOR = YES;
				GCC_WARN_UNINITIALIZED_AUTOS = YES_AGGRESSIVE;
				GCC_WARN_UNUSED_FUNCTION = YES;
				GCC_WARN_UNUSED_VARIABLE = YES;
				MACOSX_DEPLOYMENT_TARGET = 13.1;
				MTL_ENABLE_DEBUG_INFO = INCLUDE_SOURCE;
				MTL_FAST_MATH = YES;
				ONLY_ACTIVE_ARCH = YES;
				SDKROOT = macosx;
			};
			name = Debug;
		};
		58B7053029B60CD5008E0664 /* Release */ = {
			isa = XCBuildConfiguration;
			buildSettings = {
				ALWAYS_SEARCH_USER_PATHS = NO;
				CLANG_ANALYZER_NONNULL = YES;
				CLANG_ANALYZER_NUMBER_OBJECT_CONVERSION = YES_AGGRESSIVE;
				CLANG_CXX_LANGUAGE_STANDARD = "gnu++20";
				CLANG_ENABLE_MODULES = YES;
				CLANG_ENABLE_OBJC_ARC = YES;
				CLANG_ENABLE_OBJC_WEAK = YES;
				CLANG_WARN_BLOCK_CAPTURE_AUTORELEASING = YES;
				CLANG_WARN_BOOL_CONVERSION = YES;
				CLANG_WARN_COMMA = YES;
				CLANG_WARN_CONSTANT_CONVERSION = YES;
				CLANG_WARN_DEPRECATED_OBJC_IMPLEMENTATIONS = YES;
				CLANG_WARN_DIRECT_OBJC_ISA_USAGE = YES_ERROR;
				CLANG_WARN_DOCUMENTATION_COMMENTS = YES;
				CLANG_WARN_EMPTY_BODY = YES;
				CLANG_WARN_ENUM_CONVERSION = YES;
				CLANG_WARN_INFINITE_RECURSION = YES;
				CLANG_WARN_INT_CONVERSION = YES;
				CLANG_WARN_NON_LITERAL_NULL_CONVERSION = YES;
				CLANG_WARN_OBJC_IMPLICIT_RETAIN_SELF = YES;
				CLANG_WARN_OBJC_LITERAL_CONVERSION = YES;
				CLANG_WARN_OBJC_ROOT_CLASS = YES_ERROR;
				CLANG_WARN_QUOTED_INCLUDE_IN_FRAMEWORK_HEADER = YES;
				CLANG_WARN_RANGE_LOOP_ANALYSIS = YES;
				CLANG_WARN_STRICT_PROTOTYPES = YES;
				CLANG_WARN_SUSPICIOUS_MOVE = YES;
				CLANG_WARN_UNGUARDED_AVAILABILITY = YES_AGGRESSIVE;
				CLANG_WARN_UNREACHABLE_CODE = YES;
				CLANG_WARN__DUPLICATE_METHOD_MATCH = YES;
				COPY_PHASE_STRIP = NO;
				DEBUG_INFORMATION_FORMAT = "dwarf-with-dsym";
				ENABLE_NS_ASSERTIONS = NO;
				ENABLE_STRICT_OBJC_MSGSEND = YES;
				GCC_C_LANGUAGE_STANDARD = gnu11;
				GCC_NO_COMMON_BLOCKS = YES;
				GCC_WARN_64_TO_32_BIT_CONVERSION = YES;
				GCC_WARN_ABOUT_RETURN_TYPE = YES_ERROR;
				GCC_WARN_UNDECLARED_SELECTOR = YES;
				GCC_WARN_UNINITIALIZED_AUTOS = YES_AGGRESSIVE;
				GCC_WARN_UNUSED_FUNCTION = YES;
				GCC_WARN_UNUSED_VARIABLE = YES;
				MACOSX_DEPLOYMENT_TARGET = 13.1;
				MTL_ENABLE_DEBUG_INFO = NO;
				MTL_FAST_MATH = YES;
				SDKROOT = macosx;
			};
			name = Release;
		};
		58B7053229B60CD5008E0664 /* Debug */ = {
			isa = XCBuildConfiguration;
			buildSettings = {
				CODE_SIGN_STYLE = Automatic;
				HEADER_SEARCH_PATHS = "/opt/homebrew/Cellar/open-mpi/4.1.5/include";
				LIBRARY_SEARCH_PATHS = (
					/opt/homebrew/opt/libevent/lib,
					"/opt/homebrew/Cellar/open-mpi/4.1.5/lib",
				);
				OTHER_LDFLAGS = "-lmpi";
				PRODUCT_NAME = "$(TARGET_NAME)";
			};
			name = Debug;
		};
		58B7053329B60CD5008E0664 /* Release */ = {
			isa = XCBuildConfiguration;
			buildSettings = {
				CODE_SIGN_STYLE = Automatic;
				HEADER_SEARCH_PATHS = "/opt/homebrew/Cellar/open-mpi/4.1.5/include";
				LIBRARY_SEARCH_PATHS = (
					/opt/homebrew/opt/libevent/lib,
					"/opt/homebrew/Cellar/open-mpi/4.1.5/lib",
				);
				OTHER_LDFLAGS = "-lmpi";
				PRODUCT_NAME = "$(TARGET_NAME)";
			};
			name = Release;
		};
/* End XCBuildConfiguration section */

/* Begin XCConfigurationList section */
		58B7052529B60CD5008E0664 /* Build configuration list for PBXProject "min_convex_shell" */ = {
			isa = XCConfigurationList;
			buildConfigurations = (
				58B7052F29B60CD5008E0664 /* Debug */,
				58B7053029B60CD5008E0664 /* Release */,
			);
			defaultConfigurationIsVisible = 0;
			defaultConfigurationName = Release;
		};
		58B7053129B60CD5008E0664 /* Build configuration list for PBXNativeTarget "min_convex_shell" */ = {
			isa = XCConfigurationList;
			buildConfigurations = (
				58B7053229B60CD5008E0664 /* Debug */,
				58B7053329B60CD5008E0664 /* Release */,
			);
			defaultConfigurationIsVisible = 0;
			defaultConfigurationName = Release;
		};
/* End XCConfigurationList section */
	};
	rootObject = 58B7052229B60CD5008E0664 /* Project object */;
}
